
Microsoft Visual Studio Solution File, Format Version 12.00
# Visual Studio Version 17
VisualStudioVersion = 17.1.32328.378
MinimumVisualStudioVersion = 10.0.40219.1
Project("{FAE04EC0-301F-11D3-BF4B-00C04F79EFBC}") = "Constructor", "Constructor\Constructor.csproj", "{78B819A9-B0F0-45DB-BBA8-6BF3BBC1A97E}"
EndProject
Global
	GlobalSection(SolutionConfigurationPlatforms) = preSolution
		Debug|Any CPU = Debug|Any CPU
		Release|Any CPU = Release|Any CPU
	EndGlobalSection
	GlobalSection(ProjectConfigurationPlatforms) = postSolution
		{78B819A9-B0F0-45DB-BBA8-6BF3BBC1A97E}.Debug|Any CPU.ActiveCfg = Debug|Any CPU
		{78B819A9-B0F0-45DB-BBA8-6BF3BBC1A97E}.Debug|Any CPU.Build.0 = Debug|Any CPU
		{78B819A9-B0F0-45DB-BBA8-6BF3BBC1A97E}.Release|Any CPU.ActiveCfg = Release|Any CPU
		{78B819A9-B0F0-45DB-BBA8-6BF3BBC1A97E}.Release|Any CPU.Build.0 = Release|Any CPU
	EndGlobalSection
	GlobalSection(SolutionProperties) = preSolution
		HideSolutionNode = FALSE
	EndGlobalSection
	GlobalSection(ExtensibilityGlobals) = postSolution
		SolutionGuid = {BB6A66BA-9D2F-4B3D-934C-EBDF5A552D29}
	EndGlobalSection
EndGlobal
