
Microsoft Visual Studio Solution File, Format Version 12.00
# Visual Studio Version 17
VisualStudioVersion = 17.1.32228.430
MinimumVisualStudioVersion = 10.0.40219.1
Project("{FAE04EC0-301F-11D3-BF4B-00C04F79EFBC}") = "1-10000-asal-sayilar", "1-10000-asal-sayilar\1-10000-asal-sayilar.csproj", "{7716EFF4-81F4-419C-A3E6-ED7B2E8BA4A5}"
EndProject
Global
	GlobalSection(SolutionConfigurationPlatforms) = preSolution
		Debug|Any CPU = Debug|Any CPU
		Release|Any CPU = Release|Any CPU
	EndGlobalSection
	GlobalSection(ProjectConfigurationPlatforms) = postSolution
		{7716EFF4-81F4-419C-A3E6-ED7B2E8BA4A5}.Debug|Any CPU.ActiveCfg = Debug|Any CPU
		{7716EFF4-81F4-419C-A3E6-ED7B2E8BA4A5}.Debug|Any CPU.Build.0 = Debug|Any CPU
		{7716EFF4-81F4-419C-A3E6-ED7B2E8BA4A5}.Release|Any CPU.ActiveCfg = Release|Any CPU
		{7716EFF4-81F4-419C-A3E6-ED7B2E8BA4A5}.Release|Any CPU.Build.0 = Release|Any CPU
	EndGlobalSection
	GlobalSection(SolutionProperties) = preSolution
		HideSolutionNode = FALSE
	EndGlobalSection
	GlobalSection(ExtensibilityGlobals) = postSolution
		SolutionGuid = {62DB26F3-AD4C-470A-8E18-C1E453677B88}
	EndGlobalSection
EndGlobal
