
Microsoft Visual Studio Solution File, Format Version 12.00
# Visual Studio Version 17
VisualStudioVersion = 17.1.32228.430
MinimumVisualStudioVersion = 10.0.40219.1
Project("{FAE04EC0-301F-11D3-BF4B-00C04F79EFBC}") = "MethodDetails", "MethodDetails\MethodDetails.csproj", "{525E702D-669C-4D8E-B115-378E02D431C6}"
EndProject
Global
	GlobalSection(SolutionConfigurationPlatforms) = preSolution
		Debug|Any CPU = Debug|Any CPU
		Release|Any CPU = Release|Any CPU
	EndGlobalSection
	GlobalSection(ProjectConfigurationPlatforms) = postSolution
		{525E702D-669C-4D8E-B115-378E02D431C6}.Debug|Any CPU.ActiveCfg = Debug|Any CPU
		{525E702D-669C-4D8E-B115-378E02D431C6}.Debug|Any CPU.Build.0 = Debug|Any CPU
		{525E702D-669C-4D8E-B115-378E02D431C6}.Release|Any CPU.ActiveCfg = Release|Any CPU
		{525E702D-669C-4D8E-B115-378E02D431C6}.Release|Any CPU.Build.0 = Release|Any CPU
	EndGlobalSection
	GlobalSection(SolutionProperties) = preSolution
		HideSolutionNode = FALSE
	EndGlobalSection
	GlobalSection(ExtensibilityGlobals) = postSolution
		SolutionGuid = {32E0DFCC-272E-407E-A4CC-EBA196BCAB63}
	EndGlobalSection
EndGlobal
