
Microsoft Visual Studio Solution File, Format Version 12.00
# Visual Studio Version 17
VisualStudioVersion = 17.1.32228.430
MinimumVisualStudioVersion = 10.0.40219.1
Project("{FAE04EC0-301F-11D3-BF4B-00C04F79EFBC}") = "BuiltInMethod", "BuiltInMethod\BuiltInMethod.csproj", "{33184139-4172-4CF1-8EF8-25AFF9850DB4}"
EndProject
Global
	GlobalSection(SolutionConfigurationPlatforms) = preSolution
		Debug|Any CPU = Debug|Any CPU
		Release|Any CPU = Release|Any CPU
	EndGlobalSection
	GlobalSection(ProjectConfigurationPlatforms) = postSolution
		{33184139-4172-4CF1-8EF8-25AFF9850DB4}.Debug|Any CPU.ActiveCfg = Debug|Any CPU
		{33184139-4172-4CF1-8EF8-25AFF9850DB4}.Debug|Any CPU.Build.0 = Debug|Any CPU
		{33184139-4172-4CF1-8EF8-25AFF9850DB4}.Release|Any CPU.ActiveCfg = Release|Any CPU
		{33184139-4172-4CF1-8EF8-25AFF9850DB4}.Release|Any CPU.Build.0 = Release|Any CPU
	EndGlobalSection
	GlobalSection(SolutionProperties) = preSolution
		HideSolutionNode = FALSE
	EndGlobalSection
	GlobalSection(ExtensibilityGlobals) = postSolution
		SolutionGuid = {BADC10CC-E8BF-483F-BE73-41B0AA2CDA49}
	EndGlobalSection
EndGlobal
