
Microsoft Visual Studio Solution File, Format Version 12.00
# Visual Studio Version 17
VisualStudioVersion = 17.1.32328.378
MinimumVisualStudioVersion = 10.0.40219.1
Project("{FAE04EC0-301F-11D3-BF4B-00C04F79EFBC}") = "IntroAPI5", "IntroAPI5\IntroAPI5.csproj", "{9911C883-4D76-41BC-8E85-F03BB2E0AC54}"
EndProject
Global
	GlobalSection(SolutionConfigurationPlatforms) = preSolution
		Debug|Any CPU = Debug|Any CPU
		Release|Any CPU = Release|Any CPU
	EndGlobalSection
	GlobalSection(ProjectConfigurationPlatforms) = postSolution
		{9911C883-4D76-41BC-8E85-F03BB2E0AC54}.Debug|Any CPU.ActiveCfg = Debug|Any CPU
		{9911C883-4D76-41BC-8E85-F03BB2E0AC54}.Debug|Any CPU.Build.0 = Debug|Any CPU
		{9911C883-4D76-41BC-8E85-F03BB2E0AC54}.Release|Any CPU.ActiveCfg = Release|Any CPU
		{9911C883-4D76-41BC-8E85-F03BB2E0AC54}.Release|Any CPU.Build.0 = Release|Any CPU
	EndGlobalSection
	GlobalSection(SolutionProperties) = preSolution
		HideSolutionNode = FALSE
	EndGlobalSection
	GlobalSection(ExtensibilityGlobals) = postSolution
		SolutionGuid = {7C10636B-68BF-4392-BF20-4330C1D4A3B9}
	EndGlobalSection
EndGlobal
