
Microsoft Visual Studio Solution File, Format Version 12.00
# Visual Studio Version 17
VisualStudioVersion = 17.1.32228.430
MinimumVisualStudioVersion = 10.0.40219.1
Project("{FAE04EC0-301F-11D3-BF4B-00C04F79EFBC}") = "MethodOverloading", "MethodOverloading\MethodOverloading.csproj", "{6E257F67-8F95-4AF7-A453-CFE9C8FB8568}"
EndProject
Global
	GlobalSection(SolutionConfigurationPlatforms) = preSolution
		Debug|Any CPU = Debug|Any CPU
		Release|Any CPU = Release|Any CPU
	EndGlobalSection
	GlobalSection(ProjectConfigurationPlatforms) = postSolution
		{6E257F67-8F95-4AF7-A453-CFE9C8FB8568}.Debug|Any CPU.ActiveCfg = Debug|Any CPU
		{6E257F67-8F95-4AF7-A453-CFE9C8FB8568}.Debug|Any CPU.Build.0 = Debug|Any CPU
		{6E257F67-8F95-4AF7-A453-CFE9C8FB8568}.Release|Any CPU.ActiveCfg = Release|Any CPU
		{6E257F67-8F95-4AF7-A453-CFE9C8FB8568}.Release|Any CPU.Build.0 = Release|Any CPU
	EndGlobalSection
	GlobalSection(SolutionProperties) = preSolution
		HideSolutionNode = FALSE
	EndGlobalSection
	GlobalSection(ExtensibilityGlobals) = postSolution
		SolutionGuid = {CA16E026-FA62-46F0-83DF-5BBC510D36CE}
	EndGlobalSection
EndGlobal
