
Microsoft Visual Studio Solution File, Format Version 12.00
# Visual Studio Version 17
VisualStudioVersion = 17.1.32328.378
MinimumVisualStudioVersion = 10.0.40219.1
Project("{FAE04EC0-301F-11D3-BF4B-00C04F79EFBC}") = "DiceGame", "DiceGame\DiceGame.csproj", "{DC91047D-3C65-4D6C-9DC1-DE511D6E0292}"
EndProject
Global
	GlobalSection(SolutionConfigurationPlatforms) = preSolution
		Debug|Any CPU = Debug|Any CPU
		Release|Any CPU = Release|Any CPU
	EndGlobalSection
	GlobalSection(ProjectConfigurationPlatforms) = postSolution
		{DC91047D-3C65-4D6C-9DC1-DE511D6E0292}.Debug|Any CPU.ActiveCfg = Debug|Any CPU
		{DC91047D-3C65-4D6C-9DC1-DE511D6E0292}.Debug|Any CPU.Build.0 = Debug|Any CPU
		{DC91047D-3C65-4D6C-9DC1-DE511D6E0292}.Release|Any CPU.ActiveCfg = Release|Any CPU
		{DC91047D-3C65-4D6C-9DC1-DE511D6E0292}.Release|Any CPU.Build.0 = Release|Any CPU
	EndGlobalSection
	GlobalSection(SolutionProperties) = preSolution
		HideSolutionNode = FALSE
	EndGlobalSection
	GlobalSection(ExtensibilityGlobals) = postSolution
		SolutionGuid = {26CF19F1-21FF-4793-8265-7A7202B03CD1}
	EndGlobalSection
EndGlobal
