
Microsoft Visual Studio Solution File, Format Version 12.00
# Visual Studio Version 17
VisualStudioVersion = 17.1.32328.378
MinimumVisualStudioVersion = 10.0.40219.1
Project("{FAE04EC0-301F-11D3-BF4B-00C04F79EFBC}") = "AdamAsmaca", "AdamAsmaca\AdamAsmaca.csproj", "{A608AE27-F685-425A-BE53-31F4EAF89D73}"
EndProject
Global
	GlobalSection(SolutionConfigurationPlatforms) = preSolution
		Debug|Any CPU = Debug|Any CPU
		Release|Any CPU = Release|Any CPU
	EndGlobalSection
	GlobalSection(ProjectConfigurationPlatforms) = postSolution
		{A608AE27-F685-425A-BE53-31F4EAF89D73}.Debug|Any CPU.ActiveCfg = Debug|Any CPU
		{A608AE27-F685-425A-BE53-31F4EAF89D73}.Debug|Any CPU.Build.0 = Debug|Any CPU
		{A608AE27-F685-425A-BE53-31F4EAF89D73}.Release|Any CPU.ActiveCfg = Release|Any CPU
		{A608AE27-F685-425A-BE53-31F4EAF89D73}.Release|Any CPU.Build.0 = Release|Any CPU
	EndGlobalSection
	GlobalSection(SolutionProperties) = preSolution
		HideSolutionNode = FALSE
	EndGlobalSection
	GlobalSection(ExtensibilityGlobals) = postSolution
		SolutionGuid = {7FB724A2-B64C-452F-98E5-1CF55A44B084}
	EndGlobalSection
EndGlobal
